// !$*UTF8*$!
{
	archiveVersion = 1;
	classes = {
	};
	objectVersion = 56;
	objects = {

/* Begin PBXBuildFile section */
		4D6C323E298DBEA7005C80B1 /* ivy2App.swift in Sources */ = {isa = PBXBuildFile; fileRef = 4D6C323D298DBEA7005C80B1 /* ivy2App.swift */; };
		4D6C3240298DBEA7005C80B1 /* ContentView.swift in Sources */ = {isa = PBXBuildFile; fileRef = 4D6C323F298DBEA7005C80B1 /* ContentView.swift */; };
		4D6C3242298DBEA9005C80B1 /* Assets.xcassets in Resources */ = {isa = PBXBuildFile; fileRef = 4D6C3241298DBEA9005C80B1 /* Assets.xcassets */; };
		4D6C3245298DBEA9005C80B1 /* Preview Assets.xcassets in Resources */ = {isa = PBXBuildFile; fileRef = 4D6C3244298DBEA9005C80B1 /* Preview Assets.xcassets */; };
		4D6C324C298DBEBB005C80B1 /* test.swift in Sources */ = {isa = PBXBuildFile; fileRef = 4D6C324B298DBEBB005C80B1 /* test.swift */; };
		4D6C324E298DC416005C80B1 /* VMtest.swift in Sources */ = {isa = PBXBuildFile; fileRef = 4D6C324D298DC416005C80B1 /* VMtest.swift */; };
		4D6C3251298E38AB005C80B1 /* IvyCoreDataModel.xcdatamodeld in Sources */ = {isa = PBXBuildFile; fileRef = 4D6C324F298E38AB005C80B1 /* IvyCoreDataModel.xcdatamodeld */; };
		4D6C3253298E399D005C80B1 /* CoreDateManager.swift in Sources */ = {isa = PBXBuildFile; fileRef = 4D6C3252298E399D005C80B1 /* CoreDateManager.swift */; };
/* End PBXBuildFile section */

/* Begin PBXFileReference section */
		4D6C323A298DBEA7005C80B1 /* ivy2.app */ = {isa = PBXFileReference; explicitFileType = wrapper.application; includeInIndex = 0; path = ivy2.app; sourceTree = BUILT_PRODUCTS_DIR; };
		4D6C323D298DBEA7005C80B1 /* ivy2App.swift */ = {isa = PBXFileReference; lastKnownFileType = sourcecode.swift; path = ivy2App.swift; sourceTree = "<group>"; };
		4D6C323F298DBEA7005C80B1 /* ContentView.swift */ = {isa = PBXFileReference; lastKnownFileType = sourcecode.swift; path = ContentView.swift; sourceTree = "<group>"; };
		4D6C3241298DBEA9005C80B1 /* Assets.xcassets */ = {isa = PBXFileReference; lastKnownFileType = folder.assetcatalog; path = Assets.xcassets; sourceTree = "<group>"; };
		4D6C3244298DBEA9005C80B1 /* Preview Assets.xcassets */ = {isa = PBXFileReference; lastKnownFileType = folder.assetcatalog; path = "Preview Assets.xcassets"; sourceTree = "<group>"; };
		4D6C324B298DBEBB005C80B1 /* test.swift */ = {isa = PBXFileReference; lastKnownFileType = sourcecode.swift; path = test.swift; sourceTree = "<group>"; };
		4D6C324D298DC416005C80B1 /* VMtest.swift */ = {isa = PBXFileReference; lastKnownFileType = sourcecode.swift; path = VMtest.swift; sourceTree = "<group>"; };
		4D6C3250298E38AB005C80B1 /* IvyCoreDataModel.xcdatamodel */ = {isa = PBXFileReference; lastKnownFileType = wrapper.xcdatamodel; path = IvyCoreDataModel.xcdatamodel; sourceTree = "<group>"; };
		4D6C3252298E399D005C80B1 /* CoreDateManager.swift */ = {isa = PBXFileReference; lastKnownFileType = sourcecode.swift; path = CoreDateManager.swift; sourceTree = "<group>"; };
/* End PBXFileReference section */

/* Begin PBXFrameworksBuildPhase section */
		4D6C3237298DBEA7005C80B1 /* Frameworks */ = {
			isa = PBXFrameworksBuildPhase;
			buildActionMask = 2147483647;
			files = (
			);
			runOnlyForDeploymentPostprocessing = 0;
		};
/* End PBXFrameworksBuildPhase section */

/* Begin PBXGroup section */
		4D6C3231298DBEA7005C80B1 = {
			isa = PBXGroup;
			children = (
				4D6C323C298DBEA7005C80B1 /* ivy2 */,
				4D6C323B298DBEA7005C80B1 /* Products */,
			);
			sourceTree = "<group>";
		};
		4D6C323B298DBEA7005C80B1 /* Products */ = {
			isa = PBXGroup;
			children = (
				4D6C323A298DBEA7005C80B1 /* ivy2.app */,
			);
			name = Products;
			sourceTree = "<group>";
		};
		4D6C323C298DBEA7005C80B1 /* ivy2 */ = {
			isa = PBXGroup;
			children = (
				4D6C323D298DBEA7005C80B1 /* ivy2App.swift */,
				4D6C323F298DBEA7005C80B1 /* ContentView.swift */,
				4D6C3241298DBEA9005C80B1 /* Assets.xcassets */,
				4D6C3243298DBEA9005C80B1 /* Preview Content */,
				4D6C324B298DBEBB005C80B1 /* test.swift */,
				4D6C324D298DC416005C80B1 /* VMtest.swift */,
				4D6C324F298E38AB005C80B1 /* IvyCoreDataModel.xcdatamodeld */,
				4D6C3252298E399D005C80B1 /* CoreDateManager.swift */,
			);
			path = ivy2;
			sourceTree = "<group>";
		};
		4D6C3243298DBEA9005C80B1 /* Preview Content */ = {
			isa = PBXGroup;
			children = (
				4D6C3244298DBEA9005C80B1 /* Preview Assets.xcassets */,
			);
			path = "Preview Content";
			sourceTree = "<group>";
		};
/* End PBXGroup section */

/* Begin PBXNativeTarget section */
		4D6C3239298DBEA7005C80B1 /* ivy2 */ = {
			isa = PBXNativeTarget;
			buildConfigurationList = 4D6C3248298DBEA9005C80B1 /* Build configuration list for PBXNativeTarget "ivy2" */;
			buildPhases = (
				4D6C3236298DBEA7005C80B1 /* Sources */,
				4D6C3237298DBEA7005C80B1 /* Frameworks */,
				4D6C3238298DBEA7005C80B1 /* Resources */,
			);
			buildRules = (
			);
			dependencies = (
			);
			name = ivy2;
			productName = ivy2;
			productReference = 4D6C323A298DBEA7005C80B1 /* ivy2.app */;
			productType = "com.apple.product-type.application";
		};
/* End PBXNativeTarget section */

/* Begin PBXProject section */
		4D6C3232298DBEA7005C80B1 /* Project object */ = {
			isa = PBXProject;
			attributes = {
				BuildIndependentTargetsInParallel = 1;
				LastSwiftUpdateCheck = 1420;
				LastUpgradeCheck = 1420;
				TargetAttributes = {
					4D6C3239298DBEA7005C80B1 = {
						CreatedOnToolsVersion = 14.2;
					};
				};
			};
			buildConfigurationList = 4D6C3235298DBEA7005C80B1 /* Build configuration list for PBXProject "ivy2" */;
			compatibilityVersion = "Xcode 14.0";
			developmentRegion = en;
			hasScannedForEncodings = 0;
			knownRegions = (
				en,
				Base,
			);
			mainGroup = 4D6C3231298DBEA7005C80B1;
			productRefGroup = 4D6C323B298DBEA7005C80B1 /* Products */;
			projectDirPath = "";
			projectRoot = "";
			targets = (
				4D6C3239298DBEA7005C80B1 /* ivy2 */,
			);
		};
/* End PBXProject section */

/* Begin PBXResourcesBuildPhase section */
		4D6C3238298DBEA7005C80B1 /* Resources */ = {
			isa = PBXResourcesBuildPhase;
			buildActionMask = 2147483647;
			files = (
				4D6C3245298DBEA9005C80B1 /* Preview Assets.xcassets in Resources */,
				4D6C3242298DBEA9005C80B1 /* Assets.xcassets in Resources */,
			);
			runOnlyForDeploymentPostprocessing = 0;
		};
/* End PBXResourcesBuildPhase section */

/* Begin PBXSourcesBuildPhase section */
		4D6C3236298DBEA7005C80B1 /* Sources */ = {
			isa = PBXSourcesBuildPhase;
			buildActionMask = 2147483647;
			files = (
				4D6C3253298E399D005C80B1 /* CoreDateManager.swift in Sources */,
				4D6C3240298DBEA7005C80B1 /* ContentView.swift in Sources */,
				4D6C3251298E38AB005C80B1 /* IvyCoreDataModel.xcdatamodeld in Sources */,
				4D6C324C298DBEBB005C80B1 /* test.swift in Sources */,
				4D6C324E298DC416005C80B1 /* VMtest.swift in Sources */,
				4D6C323E298DBEA7005C80B1 /* ivy2App.swift in Sources */,
			);
			runOnlyForDeploymentPostprocessing = 0;
		};
/* End PBXSourcesBuildPhase section */

/* Begin XCBuildConfiguration section */
		4D6C3246298DBEA9005C80B1 /* Debug */ = {
			isa = XCBuildConfiguration;
			buildSettings = {
				ALWAYS_SEARCH_USER_PATHS = NO;
				CLANG_ANALYZER_NONNULL = YES;
				CLANG_ANALYZER_NUMBER_OBJECT_CONVERSION = YES_AGGRESSIVE;
				CLANG_CXX_LANGUAGE_STANDARD = "gnu++20";
				CLANG_ENABLE_MODULES = YES;
				CLANG_ENABLE_OBJC_ARC = YES;
				CLANG_ENABLE_OBJC_WEAK = YES;
				CLANG_WARN_BLOCK_CAPTURE_AUTORELEASING = YES;
				CLANG_WARN_BOOL_CONVERSION = YES;
				CLANG_WARN_COMMA = YES;
				CLANG_WARN_CONSTANT_CONVERSION = YES;
				CLANG_WARN_DEPRECATED_OBJC_IMPLEMENTATIONS = YES;
				CLANG_WARN_DIRECT_OBJC_ISA_USAGE = YES_ERROR;
				CLANG_WARN_DOCUMENTATION_COMMENTS = YES;
				CLANG_WARN_EMPTY_BODY = YES;
				CLANG_WARN_ENUM_CONVERSION = YES;
				CLANG_WARN_INFINITE_RECURSION = YES;
				CLANG_WARN_INT_CONVERSION = YES;
				CLANG_WARN_NON_LITERAL_NULL_CONVERSION = YES;
				CLANG_WARN_OBJC_IMPLICIT_RETAIN_SELF = YES;
				CLANG_WARN_OBJC_LITERAL_CONVERSION = YES;
				CLANG_WARN_OBJC_ROOT_CLASS = YES_ERROR;
				CLANG_WARN_QUOTED_INCLUDE_IN_FRAMEWORK_HEADER = YES;
				CLANG_WARN_RANGE_LOOP_ANALYSIS = YES;
				CLANG_WARN_STRICT_PROTOTYPES = YES;
				CLANG_WARN_SUSPICIOUS_MOVE = YES;
				CLANG_WARN_UNGUARDED_AVAILABILITY = YES_AGGRESSIVE;
				CLANG_WARN_UNREACHABLE_CODE = YES;
				CLANG_WARN__DUPLICATE_METHOD_MATCH = YES;
				COPY_PHASE_STRIP = NO;
				DEBUG_INFORMATION_FORMAT = dwarf;
				ENABLE_STRICT_OBJC_MSGSEND = YES;
				ENABLE_TESTABILITY = YES;
				GCC_C_LANGUAGE_STANDARD = gnu11;
				GCC_DYNAMIC_NO_PIC = NO;
				GCC_NO_COMMON_BLOCKS = YES;
				GCC_OPTIMIZATION_LEVEL = 0;
				GCC_PREPROCESSOR_DEFINITIONS = (
					"DEBUG=1",
					"$(inherited)",
				);
				GCC_WARN_64_TO_32_BIT_CONVERSION = YES;
				GCC_WARN_ABOUT_RETURN_TYPE = YES_ERROR;
				GCC_WARN_UNDECLARED_SELECTOR = YES;
				GCC_WARN_UNINITIALIZED_AUTOS = YES_AGGRESSIVE;
				GCC_WARN_UNUSED_FUNCTION = YES;
				GCC_WARN_UNUSED_VARIABLE = YES;
				INFOPLIST_KEY_UIApplicationSceneManifest_Generation = NO;
				IPHONEOS_DEPLOYMENT_TARGET = 16.2;
				MTL_ENABLE_DEBUG_INFO = INCLUDE_SOURCE;
				MTL_FAST_MATH = YES;
				ONLY_ACTIVE_ARCH = YES;
				SDKROOT = iphoneos;
				SWIFT_ACTIVE_COMPILATION_CONDITIONS = DEBUG;
				SWIFT_OPTIMIZATION_LEVEL = "-Onone";
			};
			name = Debug;
		};
		4D6C3247298DBEA9005C80B1 /* Release */ = {
			isa = XCBuildConfiguration;
			buildSettings = {
				ALWAYS_SEARCH_USER_PATHS = NO;
				CLANG_ANALYZER_NONNULL = YES;
				CLANG_ANALYZER_NUMBER_OBJECT_CONVERSION = YES_AGGRESSIVE;
				CLANG_CXX_LANGUAGE_STANDARD = "gnu++20";
				CLANG_ENABLE_MODULES = YES;
				CLANG_ENABLE_OBJC_ARC = YES;
				CLANG_ENABLE_OBJC_WEAK = YES;
				CLANG_WARN_BLOCK_CAPTURE_AUTORELEASING = YES;
				CLANG_WARN_BOOL_CONVERSION = YES;
				CLANG_WARN_COMMA = YES;
				CLANG_WARN_CONSTANT_CONVERSION = YES;
				CLANG_WARN_DEPRECATED_OBJC_IMPLEMENTATIONS = YES;
				CLANG_WARN_DIRECT_OBJC_ISA_USAGE = YES_ERROR;
				CLANG_WARN_DOCUMENTATION_COMMENTS = YES;
				CLANG_WARN_EMPTY_BODY = YES;
				CLANG_WARN_ENUM_CONVERSION = YES;
				CLANG_WARN_INFINITE_RECURSION = YES;
				CLANG_WARN_INT_CONVERSION = YES;
				CLANG_WARN_NON_LITERAL_NULL_CONVERSION = YES;
				CLANG_WARN_OBJC_IMPLICIT_RETAIN_SELF = YES;
				CLANG_WARN_OBJC_LITERAL_CONVERSION = YES;
				CLANG_WARN_OBJC_ROOT_CLASS = YES_ERROR;
				CLANG_WARN_QUOTED_INCLUDE_IN_FRAMEWORK_HEADER = YES;
				CLANG_WARN_RANGE_LOOP_ANALYSIS = YES;
				CLANG_WARN_STRICT_PROTOTYPES = YES;
				CLANG_WARN_SUSPICIOUS_MOVE = YES;
				CLANG_WARN_UNGUARDED_AVAILABILITY = YES_AGGRESSIVE;
				CLANG_WARN_UNREACHABLE_CODE = YES;
				CLANG_WARN__DUPLICATE_METHOD_MATCH = YES;
				COPY_PHASE_STRIP = NO;
				DEBUG_INFORMATION_FORMAT = "dwarf-with-dsym";
				ENABLE_NS_ASSERTIONS = NO;
				ENABLE_STRICT_OBJC_MSGSEND = YES;
				GCC_C_LANGUAGE_STANDARD = gnu11;
				GCC_NO_COMMON_BLOCKS = YES;
				GCC_WARN_64_TO_32_BIT_CONVERSION = YES;
				GCC_WARN_ABOUT_RETURN_TYPE = YES_ERROR;
				GCC_WARN_UNDECLARED_SELECTOR = YES;
				GCC_WARN_UNINITIALIZED_AUTOS = YES_AGGRESSIVE;
				GCC_WARN_UNUSED_FUNCTION = YES;
				GCC_WARN_UNUSED_VARIABLE = YES;
				INFOPLIST_KEY_UIApplicationSceneManifest_Generation = NO;
				IPHONEOS_DEPLOYMENT_TARGET = 16.2;
				MTL_ENABLE_DEBUG_INFO = NO;
				MTL_FAST_MATH = YES;
				SDKROOT = iphoneos;
				SWIFT_COMPILATION_MODE = wholemodule;
				SWIFT_OPTIMIZATION_LEVEL = "-O";
				VALIDATE_PRODUCT = YES;
			};
			name = Release;
		};
		4D6C3249298DBEA9005C80B1 /* Debug */ = {
			isa = XCBuildConfiguration;
			buildSettings = {
				ASSETCATALOG_COMPILER_APPICON_NAME = AppIcon;
				ASSETCATALOG_COMPILER_GLOBAL_ACCENT_COLOR_NAME = AccentColor;
				CODE_SIGN_STYLE = Automatic;
				CURRENT_PROJECT_VERSION = 1;
				DEVELOPMENT_ASSET_PATHS = "\"ivy2/Preview Content\"";
				DEVELOPMENT_TEAM = F3J9926XAP;
				ENABLE_PREVIEWS = YES;
				GENERATE_INFOPLIST_FILE = YES;
				INFOPLIST_KEY_UIApplicationSceneManifest_Generation = YES;
				INFOPLIST_KEY_UIApplicationSupportsIndirectInputEvents = YES;
				INFOPLIST_KEY_UILaunchScreen_Generation = YES;
				INFOPLIST_KEY_UISupportedInterfaceOrientations_iPad = "UIInterfaceOrientationPortrait UIInterfaceOrientationPortraitUpsideDown UIInterfaceOrientationLandscapeLeft UIInterfaceOrientationLandscapeRight";
				INFOPLIST_KEY_UISupportedInterfaceOrientations_iPhone = "UIInterfaceOrientationPortrait UIInterfaceOrientationLandscapeLeft UIInterfaceOrientationLandscapeRight";
				LD_RUNPATH_SEARCH_PATHS = (
					"$(inherited)",
					"@executable_path/Frameworks",
				);
				MARKETING_VERSION = 1.0;
				PRODUCT_BUNDLE_IDENTIFIER = com.sarakuddah.ivy2;
				PRODUCT_NAME = "$(TARGET_NAME)";
				SWIFT_EMIT_LOC_STRINGS = YES;
				SWIFT_VERSION = 5.0;
				TARGETED_DEVICE_FAMILY = "1,2";
			};
			name = Debug;
		};
		4D6C324A298DBEA9005C80B1 /* Release */ = {
			isa = XCBuildConfiguration;
			buildSettings = {
				ASSETCATALOG_COMPILER_APPICON_NAME = AppIcon;
				ASSETCATALOG_COMPILER_GLOBAL_ACCENT_COLOR_NAME = AccentColor;
				CODE_SIGN_STYLE = Automatic;
				CURRENT_PROJECT_VERSION = 1;
				DEVELOPMENT_ASSET_PATHS = "\"ivy2/Preview Content\"";
				DEVELOPMENT_TEAM = F3J9926XAP;
				ENABLE_PREVIEWS = YES;
				GENERATE_INFOPLIST_FILE = YES;
				INFOPLIST_KEY_UIApplicationSceneManifest_Generation = YES;
				INFOPLIST_KEY_UIApplicationSupportsIndirectInputEvents = YES;
				INFOPLIST_KEY_UILaunchScreen_Generation = YES;
				INFOPLIST_KEY_UISupportedInterfaceOrientations_iPad = "UIInterfaceOrientationPortrait UIInterfaceOrientationPortraitUpsideDown UIInterfaceOrientationLandscapeLeft UIInterfaceOrientationLandscapeRight";
				INFOPLIST_KEY_UISupportedInterfaceOrientations_iPhone = "UIInterfaceOrientationPortrait UIInterfaceOrientationLandscapeLeft UIInterfaceOrientationLandscapeRight";
				LD_RUNPATH_SEARCH_PATHS = (
					"$(inherited)",
					"@executable_path/Frameworks",
				);
				MARKETING_VERSION = 1.0;
				PRODUCT_BUNDLE_IDENTIFIER = com.sarakuddah.ivy2;
				PRODUCT_NAME = "$(TARGET_NAME)";
				SWIFT_EMIT_LOC_STRINGS = YES;
				SWIFT_VERSION = 5.0;
				TARGETED_DEVICE_FAMILY = "1,2";
			};
			name = Release;
		};
/* End XCBuildConfiguration section */

/* Begin XCConfigurationList section */
		4D6C3235298DBEA7005C80B1 /* Build configuration list for PBXProject "ivy2" */ = {
			isa = XCConfigurationList;
			buildConfigurations = (
				4D6C3246298DBEA9005C80B1 /* Debug */,
				4D6C3247298DBEA9005C80B1 /* Release */,
			);
			defaultConfigurationIsVisible = 0;
			defaultConfigurationName = Release;
		};
		4D6C3248298DBEA9005C80B1 /* Build configuration list for PBXNativeTarget "ivy2" */ = {
			isa = XCConfigurationList;
			buildConfigurations = (
				4D6C3249298DBEA9005C80B1 /* Debug */,
				4D6C324A298DBEA9005C80B1 /* Release */,
			);
			defaultConfigurationIsVisible = 0;
			defaultConfigurationName = Release;
		};
/* End XCConfigurationList section */

/* Begin XCVersionGroup section */
		4D6C324F298E38AB005C80B1 /* IvyCoreDataModel.xcdatamodeld */ = {
			isa = XCVersionGroup;
			children = (
				4D6C3250298E38AB005C80B1 /* IvyCoreDataModel.xcdatamodel */,
			);
			currentVersion = 4D6C3250298E38AB005C80B1 /* IvyCoreDataModel.xcdatamodel */;
			path = IvyCoreDataModel.xcdatamodeld;
			sourceTree = "<group>";
			versionGroupType = wrapper.xcdatamodel;
		};
/* End XCVersionGroup section */
	};
	rootObject = 4D6C3232298DBEA7005C80B1 /* Project object */;
}
